
Microsoft Visual Studio Solution File, Format Version 12.00
# Visual Studio Version 17
VisualStudioVersion = 17.14.36221.1
MinimumVisualStudioVersion = 10.0.40219.1
Project("{FAE04EC0-301F-11D3-BF4B-00C04F79EFBC}") = "MiniCrmApi", "MiniCrmApi.csproj", "{44F3C2C5-FB3C-41CA-B76F-CB4474850FDA}"
EndProject
Global
	GlobalSection(SolutionConfigurationPlatforms) = preSolution
		Debug|Any CPU = Debug|Any CPU
		Release|Any CPU = Release|Any CPU
	EndGlobalSection
	GlobalSection(ProjectConfigurationPlatforms) = postSolution
		{44F3C2C5-FB3C-41CA-B76F-CB4474850FDA}.Debug|Any CPU.ActiveCfg = Debug|Any CPU
		{44F3C2C5-FB3C-41CA-B76F-CB4474850FDA}.Debug|Any CPU.Build.0 = Debug|Any CPU
		{44F3C2C5-FB3C-41CA-B76F-CB4474850FDA}.Release|Any CPU.ActiveCfg = Release|Any CPU
		{44F3C2C5-FB3C-41CA-B76F-CB4474850FDA}.Release|Any CPU.Build.0 = Release|Any CPU
	EndGlobalSection
	GlobalSection(SolutionProperties) = preSolution
		HideSolutionNode = FALSE
	EndGlobalSection
	GlobalSection(ExtensibilityGlobals) = postSolution
		SolutionGuid = {B8FA9D4D-6F2A-4A9B-BEA1-AEB450922F3F}
	EndGlobalSection
EndGlobal
